
Microsoft Visual Studio Solution File, Format Version 12.00
# Visual Studio Version 17
VisualStudioVersion = 17.13.35828.75
MinimumVisualStudioVersion = 10.0.40219.1
Project("{9A19103F-16F7-4668-BE54-9A1E7A4F7556}") = "CARSHARE_WEBAPP", "CARSHARE_WEBAPP\CARSHARE_WEBAPP.csproj", "{4A49D697-C9A6-497C-A959-FECC67A42E2D}"
EndProject
Project("{FAE04EC0-301F-11D3-BF4B-00C04F79EFBC}") = "UnitTests", "UnitTests\UnitTests.csproj", "{70CEB612-51F9-4313-9510-5A9A9B2B44E7}"
EndProject
Global
	GlobalSection(SolutionConfigurationPlatforms) = preSolution
		Debug|Any CPU = Debug|Any CPU
		Release|Any CPU = Release|Any CPU
	EndGlobalSection
	GlobalSection(ProjectConfigurationPlatforms) = postSolution
		{4A49D697-C9A6-497C-A959-FECC67A42E2D}.Debug|Any CPU.ActiveCfg = Debug|Any CPU
		{4A49D697-C9A6-497C-A959-FECC67A42E2D}.Debug|Any CPU.Build.0 = Debug|Any CPU
		{4A49D697-C9A6-497C-A959-FECC67A42E2D}.Release|Any CPU.ActiveCfg = Release|Any CPU
		{4A49D697-C9A6-497C-A959-FECC67A42E2D}.Release|Any CPU.Build.0 = Release|Any CPU
		{70CEB612-51F9-4313-9510-5A9A9B2B44E7}.Debug|Any CPU.ActiveCfg = Debug|Any CPU
		{70CEB612-51F9-4313-9510-5A9A9B2B44E7}.Debug|Any CPU.Build.0 = Debug|Any CPU
		{70CEB612-51F9-4313-9510-5A9A9B2B44E7}.Release|Any CPU.ActiveCfg = Release|Any CPU
		{70CEB612-51F9-4313-9510-5A9A9B2B44E7}.Release|Any CPU.Build.0 = Release|Any CPU
	EndGlobalSection
	GlobalSection(SolutionProperties) = preSolution
		HideSolutionNode = FALSE
	EndGlobalSection
	GlobalSection(ExtensibilityGlobals) = postSolution
		SolutionGuid = {9DA57944-ACE7-4AF3-99F9-95A37C35F4C0}
	EndGlobalSection
EndGlobal
